
Microsoft Visual Studio Solution File, Format Version 12.00
# Visual Studio 15
Project("{FAE04EC0-301F-11D3-BF4B-00C04F79EFBC}") = "Pets", "Pets\Pets.csproj", "{1CAED8E1-C764-4754-B0D3-D691FF769A67}"
EndProject
Global
	GlobalSection(SolutionConfigurationPlatforms) = preSolution
		Debug|Any CPU = Debug|Any CPU
		Release|Any CPU = Release|Any CPU
	EndGlobalSection
	GlobalSection(ProjectConfigurationPlatforms) = postSolution
		{1CAED8E1-C764-4754-B0D3-D691FF769A67}.Debug|Any CPU.ActiveCfg = Debug|Any CPU
		{1CAED8E1-C764-4754-B0D3-D691FF769A67}.Debug|Any CPU.Build.0 = Debug|Any CPU
		{1CAED8E1-C764-4754-B0D3-D691FF769A67}.Release|Any CPU.ActiveCfg = Release|Any CPU
		{1CAED8E1-C764-4754-B0D3-D691FF769A67}.Release|Any CPU.Build.0 = Release|Any CPU
	EndGlobalSection
EndGlobal
